
Microsoft Visual Studio Solution File, Format Version 12.00
# Visual Studio 15
VisualStudioVersion = 15.0.28307.1062
MinimumVisualStudioVersion = 10.0.40219.1
Project("{8BC9CEB8-8B4A-11D0-8D11-00A0C91BC942}") = "cmd2017_demo", "cmd2017_demo\cmd2017_demo.vcxproj", "{A997B83C-A9AA-445F-976A-7A138035E3D7}"
EndProject
Global
	GlobalSection(SolutionConfigurationPlatforms) = preSolution
		Debug|x64 = Debug|x64
		Debug|x86 = Debug|x86
		Release|x64 = Release|x64
		Release|x86 = Release|x86
	EndGlobalSection
	GlobalSection(ProjectConfigurationPlatforms) = postSolution
		{A997B83C-A9AA-445F-976A-7A138035E3D7}.Debug|x64.ActiveCfg = Debug|x64
		{A997B83C-A9AA-445F-976A-7A138035E3D7}.Debug|x64.Build.0 = Debug|x64
		{A997B83C-A9AA-445F-976A-7A138035E3D7}.Debug|x86.ActiveCfg = Debug|Win32
		{A997B83C-A9AA-445F-976A-7A138035E3D7}.Debug|x86.Build.0 = Debug|Win32
		{A997B83C-A9AA-445F-976A-7A138035E3D7}.Release|x64.ActiveCfg = Release|x64
		{A997B83C-A9AA-445F-976A-7A138035E3D7}.Release|x64.Build.0 = Release|x64
		{A997B83C-A9AA-445F-976A-7A138035E3D7}.Release|x86.ActiveCfg = Release|Win32
		{A997B83C-A9AA-445F-976A-7A138035E3D7}.Release|x86.Build.0 = Release|Win32
	EndGlobalSection
	GlobalSection(SolutionProperties) = preSolution
		HideSolutionNode = FALSE
	EndGlobalSection
	GlobalSection(ExtensibilityGlobals) = postSolution
		SolutionGuid = {E2F85F36-95FA-47F9-BB45-79712121FA82}
	EndGlobalSection
EndGlobal
